
Microsoft Visual Studio Solution File, Format Version 12.00
# Visual Studio Version 17
VisualStudioVersion = 17.13.35825.156
MinimumVisualStudioVersion = 10.0.40219.1
Project("{FAE04EC0-301F-11D3-BF4B-00C04F79EFBC}") = "BERKA", "BERKA\BERKA.csproj", "{69E4B43B-1F9B-4FC3-9BC1-F68711F11DD9}"
EndProject
Project("{FAE04EC0-301F-11D3-BF4B-00C04F79EFBC}") = "BERKA.Web", "BERKA.Web\BERKA.Web.csproj", "{C19DB798-2C2A-4CE1-AB12-FD5B2B8DC100}"
EndProject
Project("{FAE04EC0-301F-11D3-BF4B-00C04F79EFBC}") = "BERKA.Share", "BERKA.Share\BERKA.Share.csproj", "{0D266819-A8F3-4DDD-BB55-E8453C02FC46}"
EndProject
Global
	GlobalSection(SolutionConfigurationPlatforms) = preSolution
		Debug|Any CPU = Debug|Any CPU
		Release|Any CPU = Release|Any CPU
	EndGlobalSection
	GlobalSection(ProjectConfigurationPlatforms) = postSolution
		{69E4B43B-1F9B-4FC3-9BC1-F68711F11DD9}.Debug|Any CPU.ActiveCfg = Debug|Any CPU
		{69E4B43B-1F9B-4FC3-9BC1-F68711F11DD9}.Debug|Any CPU.Build.0 = Debug|Any CPU
		{69E4B43B-1F9B-4FC3-9BC1-F68711F11DD9}.Release|Any CPU.ActiveCfg = Release|Any CPU
		{69E4B43B-1F9B-4FC3-9BC1-F68711F11DD9}.Release|Any CPU.Build.0 = Release|Any CPU
		{C19DB798-2C2A-4CE1-AB12-FD5B2B8DC100}.Debug|Any CPU.ActiveCfg = Debug|Any CPU
		{C19DB798-2C2A-4CE1-AB12-FD5B2B8DC100}.Debug|Any CPU.Build.0 = Debug|Any CPU
		{C19DB798-2C2A-4CE1-AB12-FD5B2B8DC100}.Release|Any CPU.ActiveCfg = Release|Any CPU
		{C19DB798-2C2A-4CE1-AB12-FD5B2B8DC100}.Release|Any CPU.Build.0 = Release|Any CPU
		{0D266819-A8F3-4DDD-BB55-E8453C02FC46}.Debug|Any CPU.ActiveCfg = Debug|Any CPU
		{0D266819-A8F3-4DDD-BB55-E8453C02FC46}.Debug|Any CPU.Build.0 = Debug|Any CPU
		{0D266819-A8F3-4DDD-BB55-E8453C02FC46}.Release|Any CPU.ActiveCfg = Release|Any CPU
		{0D266819-A8F3-4DDD-BB55-E8453C02FC46}.Release|Any CPU.Build.0 = Release|Any CPU
	EndGlobalSection
	GlobalSection(SolutionProperties) = preSolution
		HideSolutionNode = FALSE
	EndGlobalSection
	GlobalSection(ExtensibilityGlobals) = postSolution
		SolutionGuid = {9650DF3C-76C3-4BF9-9995-FFCDEC4EE38E}
	EndGlobalSection
EndGlobal
